
Microsoft Visual Studio Solution File, Format Version 12.00
# Visual Studio Version 16
VisualStudioVersion = 16.0.30804.86
MinimumVisualStudioVersion = 10.0.40219.1
Project("{FAE04EC0-301F-11D3-BF4B-00C04F79EFBC}") = "AspNetApp", "AspNetApp.csproj", "{4A786C04-B1A3-4915-8BD2-884D11BA2985}"
EndProject
Global
	GlobalSection(SolutionConfigurationPlatforms) = preSolution
		Debug|Any CPU = Debug|Any CPU
		Release|Any CPU = Release|Any CPU
	EndGlobalSection
	GlobalSection(ProjectConfigurationPlatforms) = postSolution
		{4A786C04-B1A3-4915-8BD2-884D11BA2985}.Debug|Any CPU.ActiveCfg = Debug|Any CPU
		{4A786C04-B1A3-4915-8BD2-884D11BA2985}.Debug|Any CPU.Build.0 = Debug|Any CPU
		{4A786C04-B1A3-4915-8BD2-884D11BA2985}.Release|Any CPU.ActiveCfg = Release|Any CPU
		{4A786C04-B1A3-4915-8BD2-884D11BA2985}.Release|Any CPU.Build.0 = Release|Any CPU
	EndGlobalSection
	GlobalSection(SolutionProperties) = preSolution
		HideSolutionNode = FALSE
	EndGlobalSection
	GlobalSection(ExtensibilityGlobals) = postSolution
		SolutionGuid = {EEA4800D-D729-45C2-8BCF-52BDB633FB22}
	EndGlobalSection
EndGlobal
